PODS:
  - CalendarKit (1.0.10)
  - Charts (3.6.0):
    - Charts/Core (= 3.6.0)
  - Charts/Core (3.6.0)
  - Realm (10.12.0):
    - Realm/Headers (= 10.12.0)
  - Realm/Headers (10.12.0)
  - RealmSwift (10.12.0):
    - Realm (= 10.12.0)

DEPENDENCIES:
  - CalendarKit
  - Charts
  - RealmSwift

SPEC REPOS:
  trunk:
    - CalendarKit
    - Charts
    - Realm
    - RealmSwift

SPEC CHECKSUMS:
  CalendarKit: 4bcc7dcf4a6e558550a46d91db2d23dc1fb608a9
  Charts: b1e3a1f5a1c9ba5394438ca3b91bd8c9076310af
  Realm: 32488213acb44660539c619d620cec1bac046166
  RealmSwift: 0abdca6231d5ff8a4f84cef9c1121ef95a483faf

PODFILE CHECKSUM: 974fa805aad523bf030ad49bfeb265697cdf81de

COCOAPODS: 1.10.1
